{
  "nodes": {
    "nixpkgs": {
      "locked": {
        "lastModified": 1711668574,
        "narHash": "sha256-u1dfs0ASQIEr1icTVrsKwg2xToIpn7ZXxW3RHfHxshg=",
        "path": "/nix/store/9fpv0kjq9a80isa1wkkvrdqsh9dpcn05-source",
        "rev": "219951b495fc2eac67b1456824cc1ec1fd2ee659",
        "type": "path"
      },
      "original": {
        "id": "nixpkgs",
        "type": "indirect"
      }
    },
    "root": {
      "inputs": {
        "nixpkgs": "nixpkgs"
      }
    }
  },
  "root": "root",
  "version": 7
}
