{
  "nodes": {
    "nixpkgs": {
      "locked": {
        "lastModified": 1698434055,
        "narHash": "sha256-Phxi5mUKSoL7A0IYUiYtkI9e8NcGaaV5PJEaJApU1Ko=",
        "path": "/nix/store/lqfbzmwwanrvbvgsvxa5jbmjbhm5aygr-source",
        "rev": "1a3c95e3b23b3cdb26750621c08cc2f1560cb883",
        "type": "path"
      },
      "original": {
        "id": "nixpkgs",
        "type": "indirect"
      }
    },
    "root": {
      "inputs": {
        "nixpkgs": "nixpkgs"
      }
    }
  },
  "root": "root",
  "version": 7
}
